
Microsoft Visual Studio Solution File, Format Version 12.00
# Visual Studio 15
VisualStudioVersion = 15.0.28307.572
MinimumVisualStudioVersion = 10.0.40219.1
Project("{9A19103F-16F7-4668-BE54-9A1E7A4F7556}") = "POCRabbitMQ", "POCRabbitMQ\POCRabbitMQ.csproj", "{EBA8B389-E2DE-4FEA-898C-E1DCA8E44758}"
EndProject
Project("{9A19103F-16F7-4668-BE54-9A1E7A4F7556}") = "RabbitMQWEBApplication", "RabbitMQWEBApplication\RabbitMQWEBApplication.csproj", "{9C2028AB-2E7A-42C7-A794-DBE34D67C294}"
EndProject
Global
	GlobalSection(SolutionConfigurationPlatforms) = preSolution
		Debug|Any CPU = Debug|Any CPU
		Release|Any CPU = Release|Any CPU
	EndGlobalSection
	GlobalSection(ProjectConfigurationPlatforms) = postSolution
		{EBA8B389-E2DE-4FEA-898C-E1DCA8E44758}.Debug|Any CPU.ActiveCfg = Debug|Any CPU
		{EBA8B389-E2DE-4FEA-898C-E1DCA8E44758}.Debug|Any CPU.Build.0 = Debug|Any CPU
		{EBA8B389-E2DE-4FEA-898C-E1DCA8E44758}.Release|Any CPU.ActiveCfg = Release|Any CPU
		{EBA8B389-E2DE-4FEA-898C-E1DCA8E44758}.Release|Any CPU.Build.0 = Release|Any CPU
		{9C2028AB-2E7A-42C7-A794-DBE34D67C294}.Debug|Any CPU.ActiveCfg = Debug|Any CPU
		{9C2028AB-2E7A-42C7-A794-DBE34D67C294}.Debug|Any CPU.Build.0 = Debug|Any CPU
		{9C2028AB-2E7A-42C7-A794-DBE34D67C294}.Release|Any CPU.ActiveCfg = Release|Any CPU
		{9C2028AB-2E7A-42C7-A794-DBE34D67C294}.Release|Any CPU.Build.0 = Release|Any CPU
	EndGlobalSection
	GlobalSection(SolutionProperties) = preSolution
		HideSolutionNode = FALSE
	EndGlobalSection
	GlobalSection(ExtensibilityGlobals) = postSolution
		SolutionGuid = {1718DD92-1E75-4B7C-A542-FA49F638095F}
	EndGlobalSection
EndGlobal
